PODS:
  - Kingfisher (7.2.1)
  - SnapKit (5.0.1)

DEPENDENCIES:
  - Kingfisher (~> 7.1)
  - SnapKit (~> 5.0.0)

SPEC REPOS:
  trunk:
    - Kingfisher
    - SnapKit

SPEC CHECKSUMS:
  Kingfisher: 7c084bebf7d548c623ad41bcf765fb200efed369
  SnapKit: 97b92857e3df3a0c71833cce143274bf6ef8e5eb

PODFILE CHECKSUM: 6155a46549817ea79429a04378978ee1ab7a76d1

COCOAPODS: 1.11.2
