PODS:
  - Charts (4.0.3):
    - Charts/Core (= 4.0.3)
  - Charts/Core (4.0.3):
    - SwiftAlgorithms (~> 1.0)
  - Kingfisher (7.2.2)
  - SnapKit (5.0.1)
  - SwiftAlgorithms (1.0.0)

DEPENDENCIES:
  - Charts (from `https://github.com/AndreyKhakimov/Charts.git`, branch `master`)
  - Kingfisher (~> 7.1)
  - SnapKit (~> 5.0.0)

SPEC REPOS:
  trunk:
    - Kingfisher
    - SnapKit
    - SwiftAlgorithms

EXTERNAL SOURCES:
  Charts:
    :branch: master
    :git: https://github.com/AndreyKhakimov/Charts.git

CHECKOUT OPTIONS:
  Charts:
    :commit: 6f5385969391f3d0d840a24b9c317ed9cb1eac57
    :git: https://github.com/AndreyKhakimov/Charts.git

SPEC CHECKSUMS:
  Charts: d959d6723c8eedfdd0735dfc28cb0a71762ac4d9
  Kingfisher: 184d4d1a8c36666e663caf8e08abe87898595c53
  SnapKit: 97b92857e3df3a0c71833cce143274bf6ef8e5eb
  SwiftAlgorithms: 38dda4731d19027fdeee1125f973111bf3386b53

PODFILE CHECKSUM: a27a16bf2e5e93b45bfd33d9b76290f4855c4c01

COCOAPODS: 1.11.2
