PODS:
  - Charts (4.0.0):
    - Charts/Core (= 4.0.0)
  - Charts/Core (4.0.0)
  - Kingfisher (7.2.2)
  - SnapKit (5.0.1)

DEPENDENCIES:
  - Charts (from `https://github.com/gavynriebau/Charts.git`, branch `fix-filter-predicate`)
  - Kingfisher (~> 7.1)
  - SnapKit (~> 5.0.0)

SPEC REPOS:
  trunk:
    - Kingfisher
    - SnapKit

EXTERNAL SOURCES:
  Charts:
    :branch: fix-filter-predicate
    :git: https://github.com/gavynriebau/Charts.git

CHECKOUT OPTIONS:
  Charts:
    :commit: 9ea6c62b9642682917c7fe1abbd3b56da7e498b0
    :git: https://github.com/gavynriebau/Charts.git

SPEC CHECKSUMS:
  Charts: 22f3a1f5993f0769aa5ad380ccb242a1500d6b95
  Kingfisher: 184d4d1a8c36666e663caf8e08abe87898595c53
  SnapKit: 97b92857e3df3a0c71833cce143274bf6ef8e5eb

PODFILE CHECKSUM: b4f56e8570de368f73360a277b22f186efec1157

COCOAPODS: 1.11.2
